# This file is automatically @generated by Cargo.
# It is not intended for manual editing.
[[package]]
name = "link_list"
version = "0.1.0"

[[package]]
name = "one"
version = "0.1.0"
dependencies = [
 "link_list 0.1.0",
 "three 0.1.0",
 "two 0.1.0",
]

[[package]]
name = "three"
version = "0.1.0"

[[package]]
name = "two"
version = "0.1.0"

